{
  "name": "highlightofmychat",
  "version": "1.0.0",
  "lockfileVersion": 1,
  "requires": true,
  "dependencies": {
    "webwebweb": {
      "version": "1.1.5",
      "resolved": "https://registry.npmjs.org/webwebweb/-/webwebweb-1.1.5.tgz",
      "integrity": "sha512-eg6XSVHUNiZmFNYVdeoDZRsH8hNGnt3+hrcFmeJnVHg9d+9I7jp2taqbpVTPPUE5cJ3h9lTPaW5LLcdgQJZPQQ=="
    }
  }
}
